
Microsoft Visual Studio Solution File, Format Version 12.00
# Visual Studio Version 16
VisualStudioVersion = 16.0.29806.167
MinimumVisualStudioVersion = 10.0.40219.1
Project("{FAE04EC0-301F-11D3-BF4B-00C04F79EFBC}") = "FishyNotesProject", "FishyNotesProject\FishyNotesProject.csproj", "{A11DB8C6-9B7D-48DD-B674-ACA42EEBBC2E}"
EndProject
Global
	GlobalSection(SolutionConfigurationPlatforms) = preSolution
		Debug|Any CPU = Debug|Any CPU
		Release|Any CPU = Release|Any CPU
	EndGlobalSection
	GlobalSection(ProjectConfigurationPlatforms) = postSolution
		{A11DB8C6-9B7D-48DD-B674-ACA42EEBBC2E}.Debug|Any CPU.ActiveCfg = Debug|Any CPU
		{A11DB8C6-9B7D-48DD-B674-ACA42EEBBC2E}.Debug|Any CPU.Build.0 = Debug|Any CPU
		{A11DB8C6-9B7D-48DD-B674-ACA42EEBBC2E}.Release|Any CPU.ActiveCfg = Release|Any CPU
		{A11DB8C6-9B7D-48DD-B674-ACA42EEBBC2E}.Release|Any CPU.Build.0 = Release|Any CPU
	EndGlobalSection
	GlobalSection(SolutionProperties) = preSolution
		HideSolutionNode = FALSE
	EndGlobalSection
	GlobalSection(ExtensibilityGlobals) = postSolution
		SolutionGuid = {A4F32B73-07A8-4BA2-86E7-9BEBB529CA7B}
	EndGlobalSection
EndGlobal
